
Microsoft Visual Studio Solution File, Format Version 12.00
# Visual Studio Version 17
VisualStudioVersion = 17.6.33712.159
MinimumVisualStudioVersion = 10.0.40219.1
Project("{FAE04EC0-301F-11D3-BF4B-00C04F79EFBC}") = "PlatformService.API", "Src\Services\PlatformService.API\PlatformService.API.csproj", "{0623F1DD-D702-49A7-8C2D-A27993EB7E55}"
EndProject
Global
	GlobalSection(SolutionConfigurationPlatforms) = preSolution
		Debug|Any CPU = Debug|Any CPU
		Release|Any CPU = Release|Any CPU
	EndGlobalSection
	GlobalSection(ProjectConfigurationPlatforms) = postSolution
		{0623F1DD-D702-49A7-8C2D-A27993EB7E55}.Debug|Any CPU.ActiveCfg = Debug|Any CPU
		{0623F1DD-D702-49A7-8C2D-A27993EB7E55}.Debug|Any CPU.Build.0 = Debug|Any CPU
		{0623F1DD-D702-49A7-8C2D-A27993EB7E55}.Release|Any CPU.ActiveCfg = Release|Any CPU
		{0623F1DD-D702-49A7-8C2D-A27993EB7E55}.Release|Any CPU.Build.0 = Release|Any CPU
	EndGlobalSection
	GlobalSection(SolutionProperties) = preSolution
		HideSolutionNode = FALSE
	EndGlobalSection
	GlobalSection(ExtensibilityGlobals) = postSolution
		SolutionGuid = {82BA6978-AF33-43D5-8FE9-E25895157B4E}
	EndGlobalSection
EndGlobal
